// !$*UTF8*$!
{
	archiveVersion = 1;
	classes = {
	};
	objectVersion = 50;
	objects = {

/* Begin PBXBuildFile section */
		6A76892B21B6C4A60076E073 /* PopularViewController.swift in Sources */ = {isa = PBXBuildFile; fileRef = 6A76892A21B6C4A60076E073 /* PopularViewController.swift */; };
		6A76892D21B6C4C00076E073 /* TopRatedViewController.swift in Sources */ = {isa = PBXBuildFile; fileRef = 6A76892C21B6C4C00076E073 /* TopRatedViewController.swift */; };
		6A76892F21B6C4D30076E073 /* UpComingViewController.swift in Sources */ = {isa = PBXBuildFile; fileRef = 6A76892E21B6C4D30076E073 /* UpComingViewController.swift */; };
		6A76893121B6D21E0076E073 /* DetailViewController.swift in Sources */ = {isa = PBXBuildFile; fileRef = 6A76893021B6D21E0076E073 /* DetailViewController.swift */; };
		99097F0321772B8D0006610A /* DimmingPresentationController.swift in Sources */ = {isa = PBXBuildFile; fileRef = 99097F0221772B8D0006610A /* DimmingPresentationController.swift */; };
		99097F0521772BB80006610A /* GradientView.swift in Sources */ = {isa = PBXBuildFile; fileRef = 99097F0421772BB80006610A /* GradientView.swift */; };
		99385045216F3D7B0002675C /* OverviewDialogViewController.swift in Sources */ = {isa = PBXBuildFile; fileRef = 99385044216F3D7B0002675C /* OverviewDialogViewController.swift */; };
		997E2985215DE29A00A522FE /* Movie.swift in Sources */ = {isa = PBXBuildFile; fileRef = 997E2984215DE29A00A522FE /* Movie.swift */; };
		997E2988215DE62700A522FE /* NetworkManager.swift in Sources */ = {isa = PBXBuildFile; fileRef = 997E2987215DE62700A522FE /* NetworkManager.swift */; };
		997E298A215DE68700A522FE /* SharedConstants.swift in Sources */ = {isa = PBXBuildFile; fileRef = 997E2989215DE68700A522FE /* SharedConstants.swift */; };
		997E298E215E63E600A522FE /* CustomLoadingView.swift in Sources */ = {isa = PBXBuildFile; fileRef = 997E298D215E63E600A522FE /* CustomLoadingView.swift */; };
		997E2991215E657200A522FE /* DataModel.swift in Sources */ = {isa = PBXBuildFile; fileRef = 997E2990215E657200A522FE /* DataModel.swift */; };
		997E2994215E6C4C00A522FE /* Extensions.swift in Sources */ = {isa = PBXBuildFile; fileRef = 997E2993215E6C4C00A522FE /* Extensions.swift */; };
		9984E53B215F5E52005A1953 /* Movie.xcdatamodeld in Sources */ = {isa = PBXBuildFile; fileRef = 9984E539215F5E52005A1953 /* Movie.xcdatamodeld */; };
		9984E54A215F6A21005A1953 /* Movies+CoreDataClass.swift in Sources */ = {isa = PBXBuildFile; fileRef = 9984E548215F6A21005A1953 /* Movies+CoreDataClass.swift */; };
		9984E54B215F6A21005A1953 /* Movies+CoreDataProperties.swift in Sources */ = {isa = PBXBuildFile; fileRef = 9984E549215F6A21005A1953 /* Movies+CoreDataProperties.swift */; };
		9984E55021612F2D005A1953 /* BaseResponse.swift in Sources */ = {isa = PBXBuildFile; fileRef = 9984E54F21612F2D005A1953 /* BaseResponse.swift */; };
		999ADA4C215688FF00E2830A /* MovieCollectionViewCell.swift in Sources */ = {isa = PBXBuildFile; fileRef = 999ADA4A215688FF00E2830A /* MovieCollectionViewCell.swift */; };
		999ADA4D215688FF00E2830A /* MovieCollectionViewCell.xib in Resources */ = {isa = PBXBuildFile; fileRef = 999ADA4B215688FF00E2830A /* MovieCollectionViewCell.xib */; };
		999ADA4F2156908000E2830A /* CustomButton.swift in Sources */ = {isa = PBXBuildFile; fileRef = 999ADA4E2156908000E2830A /* CustomButton.swift */; };
		999ADA522156971800E2830A /* CellRegisterHelper.swift in Sources */ = {isa = PBXBuildFile; fileRef = 999ADA512156971800E2830A /* CellRegisterHelper.swift */; };
		999ADA542156993000E2830A /* CardView.swift in Sources */ = {isa = PBXBuildFile; fileRef = 999ADA532156993000E2830A /* CardView.swift */; };
		99D5711B21294FA600246A4C /* AppDelegate.swift in Sources */ = {isa = PBXBuildFile; fileRef = 99D5711A21294FA600246A4C /* AppDelegate.swift */; };
		99D5711D21294FA600246A4C /* NowPlayingViewController.swift in Sources */ = {isa = PBXBuildFile; fileRef = 99D5711C21294FA600246A4C /* NowPlayingViewController.swift */; };
		99D5712021294FA600246A4C /* Main.storyboard in Resources */ = {isa = PBXBuildFile; fileRef = 99D5711E21294FA600246A4C /* Main.storyboard */; };
		99D5712221294FA800246A4C /* Assets.xcassets in Resources */ = {isa = PBXBuildFile; fileRef = 99D5712121294FA800246A4C /* Assets.xcassets */; };
		99D5712521294FA800246A4C /* LaunchScreen.storyboard in Resources */ = {isa = PBXBuildFile; fileRef = 99D5712321294FA800246A4C /* LaunchScreen.storyboard */; };
/* End PBXBuildFile section */

/* Begin PBXFileReference section */
		6A76892A21B6C4A60076E073 /* PopularViewController.swift */ = {isa = PBXFileReference; lastKnownFileType = sourcecode.swift; path = PopularViewController.swift; sourceTree = "<group>"; };
		6A76892C21B6C4C00076E073 /* TopRatedViewController.swift */ = {isa = PBXFileReference; lastKnownFileType = sourcecode.swift; path = TopRatedViewController.swift; sourceTree = "<group>"; };
		6A76892E21B6C4D30076E073 /* UpComingViewController.swift */ = {isa = PBXFileReference; lastKnownFileType = sourcecode.swift; path = UpComingViewController.swift; sourceTree = "<group>"; };
		6A76893021B6D21E0076E073 /* DetailViewController.swift */ = {isa = PBXFileReference; lastKnownFileType = sourcecode.swift; path = DetailViewController.swift; sourceTree = "<group>"; };
		99097F0221772B8D0006610A /* DimmingPresentationController.swift */ = {isa = PBXFileReference; lastKnownFileType = sourcecode.swift; path = DimmingPresentationController.swift; sourceTree = "<group>"; };
		99097F0421772BB80006610A /* GradientView.swift */ = {isa = PBXFileReference; lastKnownFileType = sourcecode.swift; path = GradientView.swift; sourceTree = "<group>"; };
		99385044216F3D7B0002675C /* OverviewDialogViewController.swift */ = {isa = PBXFileReference; lastKnownFileType = sourcecode.swift; path = OverviewDialogViewController.swift; sourceTree = "<group>"; };
		997E2984215DE29A00A522FE /* Movie.swift */ = {isa = PBXFileReference; lastKnownFileType = sourcecode.swift; path = Movie.swift; sourceTree = "<group>"; };
		997E2987215DE62700A522FE /* NetworkManager.swift */ = {isa = PBXFileReference; lastKnownFileType = sourcecode.swift; path = NetworkManager.swift; sourceTree = "<group>"; };
		997E2989215DE68700A522FE /* SharedConstants.swift */ = {isa = PBXFileReference; lastKnownFileType = sourcecode.swift; path = SharedConstants.swift; sourceTree = "<group>"; };
		997E298D215E63E600A522FE /* CustomLoadingView.swift */ = {isa = PBXFileReference; lastKnownFileType = sourcecode.swift; path = CustomLoadingView.swift; sourceTree = "<group>"; };
		997E2990215E657200A522FE /* DataModel.swift */ = {isa = PBXFileReference; lastKnownFileType = sourcecode.swift; path = DataModel.swift; sourceTree = "<group>"; };
		997E2993215E6C4C00A522FE /* Extensions.swift */ = {isa = PBXFileReference; lastKnownFileType = sourcecode.swift; path = Extensions.swift; sourceTree = "<group>"; };
		9984E53A215F5E52005A1953 /* Movie.xcdatamodel */ = {isa = PBXFileReference; lastKnownFileType = wrapper.xcdatamodel; path = Movie.xcdatamodel; sourceTree = "<group>"; };
		9984E548215F6A21005A1953 /* Movies+CoreDataClass.swift */ = {isa = PBXFileReference; lastKnownFileType = sourcecode.swift; path = "Movies+CoreDataClass.swift"; sourceTree = "<group>"; };
		9984E549215F6A21005A1953 /* Movies+CoreDataProperties.swift */ = {isa = PBXFileReference; lastKnownFileType = sourcecode.swift; path = "Movies+CoreDataProperties.swift"; sourceTree = "<group>"; };
		9984E54F21612F2D005A1953 /* BaseResponse.swift */ = {isa = PBXFileReference; lastKnownFileType = sourcecode.swift; path = BaseResponse.swift; sourceTree = "<group>"; };
		999ADA4A215688FF00E2830A /* MovieCollectionViewCell.swift */ = {isa = PBXFileReference; lastKnownFileType = sourcecode.swift; path = MovieCollectionViewCell.swift; sourceTree = "<group>"; };
		999ADA4B215688FF00E2830A /* MovieCollectionViewCell.xib */ = {isa = PBXFileReference; lastKnownFileType = file.xib; path = MovieCollectionViewCell.xib; sourceTree = "<group>"; };
		999ADA4E2156908000E2830A /* CustomButton.swift */ = {isa = PBXFileReference; lastKnownFileType = sourcecode.swift; path = CustomButton.swift; sourceTree = "<group>"; };
		999ADA512156971800E2830A /* CellRegisterHelper.swift */ = {isa = PBXFileReference; lastKnownFileType = sourcecode.swift; path = CellRegisterHelper.swift; sourceTree = "<group>"; };
		999ADA532156993000E2830A /* CardView.swift */ = {isa = PBXFileReference; lastKnownFileType = sourcecode.swift; path = CardView.swift; sourceTree = "<group>"; };
		99D5711721294FA600246A4C /* Chill Session - Movies, Series.app */ = {isa = PBXFileReference; explicitFileType = wrapper.application; includeInIndex = 0; path = "Chill Session - Movies, Series.app"; sourceTree = BUILT_PRODUCTS_DIR; };
		99D5711A21294FA600246A4C /* AppDelegate.swift */ = {isa = PBXFileReference; lastKnownFileType = sourcecode.swift; path = AppDelegate.swift; sourceTree = "<group>"; };
		99D5711C21294FA600246A4C /* NowPlayingViewController.swift */ = {isa = PBXFileReference; lastKnownFileType = sourcecode.swift; path = NowPlayingViewController.swift; sourceTree = "<group>"; };
		99D5711F21294FA600246A4C /* Base */ = {isa = PBXFileReference; lastKnownFileType = file.storyboard; name = Base; path = Base.lproj/Main.storyboard; sourceTree = "<group>"; };
		99D5712121294FA800246A4C /* Assets.xcassets */ = {isa = PBXFileReference; lastKnownFileType = folder.assetcatalog; path = Assets.xcassets; sourceTree = "<group>"; };
		99D5712421294FA800246A4C /* Base */ = {isa = PBXFileReference; lastKnownFileType = file.storyboard; name = Base; path = Base.lproj/LaunchScreen.storyboard; sourceTree = "<group>"; };
		99D5712621294FA800246A4C /* Info.plist */ = {isa = PBXFileReference; lastKnownFileType = text.plist.xml; path = Info.plist; sourceTree = "<group>"; };
/* End PBXFileReference section */

/* Begin PBXFrameworksBuildPhase section */
		99D5711421294FA600246A4C /* Frameworks */ = {
			isa = PBXFrameworksBuildPhase;
			buildActionMask = 2147483647;
			files = (
			);
			runOnlyForDeploymentPostprocessing = 0;
		};
/* End PBXFrameworksBuildPhase section */

/* Begin PBXGroup section */
		99385043216F3D670002675C /* dialog */ = {
			isa = PBXGroup;
			children = (
				99385044216F3D7B0002675C /* OverviewDialogViewController.swift */,
			);
			path = dialog;
			sourceTree = "<group>";
		};
		997E2982215DE25A00A522FE /* url-session */ = {
			isa = PBXGroup;
			children = (
				997E2986215DE4BA00A522FE /* manager */,
				997E2983215DE27C00A522FE /* vos */,
			);
			path = "url-session";
			sourceTree = "<group>";
		};
		997E2983215DE27C00A522FE /* vos */ = {
			isa = PBXGroup;
			children = (
				997E2984215DE29A00A522FE /* Movie.swift */,
				9984E54F21612F2D005A1953 /* BaseResponse.swift */,
			);
			path = vos;
			sourceTree = "<group>";
		};
		997E2986215DE4BA00A522FE /* manager */ = {
			isa = PBXGroup;
			children = (
				997E2987215DE62700A522FE /* NetworkManager.swift */,
			);
			path = manager;
			sourceTree = "<group>";
		};
		997E298F215E656400A522FE /* model */ = {
			isa = PBXGroup;
			children = (
				997E2990215E657200A522FE /* DataModel.swift */,
			);
			path = model;
			sourceTree = "<group>";
		};
		999ADA402156883300E2830A /* cells */ = {
			isa = PBXGroup;
			children = (
				999ADA4A215688FF00E2830A /* MovieCollectionViewCell.swift */,
				999ADA4B215688FF00E2830A /* MovieCollectionViewCell.xib */,
			);
			path = cells;
			sourceTree = "<group>";
		};
		999ADA412156883D00E2830A /* viewcontrollers */ = {
			isa = PBXGroup;
			children = (
				99D5711C21294FA600246A4C /* NowPlayingViewController.swift */,
				6A76892A21B6C4A60076E073 /* PopularViewController.swift */,
				6A76892C21B6C4C00076E073 /* TopRatedViewController.swift */,
				6A76892E21B6C4D30076E073 /* UpComingViewController.swift */,
				6A76893021B6D21E0076E073 /* DetailViewController.swift */,
			);
			path = viewcontrollers;
			sourceTree = "<group>";
		};
		999ADA422156885000E2830A /* assets */ = {
			isa = PBXGroup;
			children = (
				99D5712121294FA800246A4C /* Assets.xcassets */,
			);
			path = assets;
			sourceTree = "<group>";
		};
		999ADA432156887000E2830A /* storyboards */ = {
			isa = PBXGroup;
			children = (
				99D5711E21294FA600246A4C /* Main.storyboard */,
				99D5712321294FA800246A4C /* LaunchScreen.storyboard */,
			);
			path = storyboards;
			sourceTree = "<group>";
		};
		999ADA442156887E00E2830A /* networks */ = {
			isa = PBXGroup;
			children = (
				997E2982215DE25A00A522FE /* url-session */,
			);
			path = networks;
			sourceTree = "<group>";
		};
		999ADA452156888400E2830A /* utils */ = {
			isa = PBXGroup;
			children = (
				999ADA512156971800E2830A /* CellRegisterHelper.swift */,
				997E2989215DE68700A522FE /* SharedConstants.swift */,
				997E298D215E63E600A522FE /* CustomLoadingView.swift */,
				99097F0221772B8D0006610A /* DimmingPresentationController.swift */,
				99097F0421772BB80006610A /* GradientView.swift */,
			);
			path = utils;
			sourceTree = "<group>";
		};
		999ADA462156888A00E2830A /* components */ = {
			isa = PBXGroup;
			children = (
				999ADA4E2156908000E2830A /* CustomButton.swift */,
				999ADA532156993000E2830A /* CardView.swift */,
				997E2993215E6C4C00A522FE /* Extensions.swift */,
			);
			path = components;
			sourceTree = "<group>";
		};
		999ADA48215688AD00E2830A /* db */ = {
			isa = PBXGroup;
			children = (
				9984E548215F6A21005A1953 /* Movies+CoreDataClass.swift */,
				9984E549215F6A21005A1953 /* Movies+CoreDataProperties.swift */,
				9984E539215F5E52005A1953 /* Movie.xcdatamodeld */,
			);
			path = db;
			sourceTree = "<group>";
		};
		99D5710E21294FA600246A4C = {
			isa = PBXGroup;
			children = (
				99D5711921294FA600246A4C /* Chill Session - Movies, Series */,
				99D5711821294FA600246A4C /* Products */,
			);
			sourceTree = "<group>";
		};
		99D5711821294FA600246A4C /* Products */ = {
			isa = PBXGroup;
			children = (
				99D5711721294FA600246A4C /* Chill Session - Movies, Series.app */,
			);
			name = Products;
			sourceTree = "<group>";
		};
		99D5711921294FA600246A4C /* Chill Session - Movies, Series */ = {
			isa = PBXGroup;
			children = (
				99385043216F3D670002675C /* dialog */,
				997E298F215E656400A522FE /* model */,
				999ADA48215688AD00E2830A /* db */,
				999ADA462156888A00E2830A /* components */,
				999ADA452156888400E2830A /* utils */,
				999ADA442156887E00E2830A /* networks */,
				999ADA432156887000E2830A /* storyboards */,
				999ADA422156885000E2830A /* assets */,
				999ADA412156883D00E2830A /* viewcontrollers */,
				999ADA402156883300E2830A /* cells */,
				99D5711A21294FA600246A4C /* AppDelegate.swift */,
				99D5712621294FA800246A4C /* Info.plist */,
			);
			path = "Chill Session - Movies, Series";
			sourceTree = "<group>";
		};
/* End PBXGroup section */

/* Begin PBXNativeTarget section */
		99D5711621294FA600246A4C /* Chill Session - Movies, Series */ = {
			isa = PBXNativeTarget;
			buildConfigurationList = 99D5712921294FA800246A4C /* Build configuration list for PBXNativeTarget "Chill Session - Movies, Series" */;
			buildPhases = (
				99D5711321294FA600246A4C /* Sources */,
				99D5711421294FA600246A4C /* Frameworks */,
				99D5711521294FA600246A4C /* Resources */,
			);
			buildRules = (
			);
			dependencies = (
			);
			name = "Chill Session - Movies, Series";
			productName = "Chill Session - Movies, Series";
			productReference = 99D5711721294FA600246A4C /* Chill Session - Movies, Series.app */;
			productType = "com.apple.product-type.application";
		};
/* End PBXNativeTarget section */

/* Begin PBXProject section */
		99D5710F21294FA600246A4C /* Project object */ = {
			isa = PBXProject;
			attributes = {
				LastSwiftUpdateCheck = 0940;
				LastUpgradeCheck = 0940;
				ORGANIZATIONNAME = PADC;
				TargetAttributes = {
					99D5711621294FA600246A4C = {
						CreatedOnToolsVersion = 9.4.1;
					};
				};
			};
			buildConfigurationList = 99D5711221294FA600246A4C /* Build configuration list for PBXProject "Chill Session - Movies, Series" */;
			compatibilityVersion = "Xcode 9.3";
			developmentRegion = en;
			hasScannedForEncodings = 0;
			knownRegions = (
				en,
				Base,
			);
			mainGroup = 99D5710E21294FA600246A4C;
			productRefGroup = 99D5711821294FA600246A4C /* Products */;
			projectDirPath = "";
			projectRoot = "";
			targets = (
				99D5711621294FA600246A4C /* Chill Session - Movies, Series */,
			);
		};
/* End PBXProject section */

/* Begin PBXResourcesBuildPhase section */
		99D5711521294FA600246A4C /* Resources */ = {
			isa = PBXResourcesBuildPhase;
			buildActionMask = 2147483647;
			files = (
				99D5712521294FA800246A4C /* LaunchScreen.storyboard in Resources */,
				99D5712221294FA800246A4C /* Assets.xcassets in Resources */,
				99D5712021294FA600246A4C /* Main.storyboard in Resources */,
				999ADA4D215688FF00E2830A /* MovieCollectionViewCell.xib in Resources */,
			);
			runOnlyForDeploymentPostprocessing = 0;
		};
/* End PBXResourcesBuildPhase section */

/* Begin PBXSourcesBuildPhase section */
		99D5711321294FA600246A4C /* Sources */ = {
			isa = PBXSourcesBuildPhase;
			buildActionMask = 2147483647;
			files = (
				99097F0521772BB80006610A /* GradientView.swift in Sources */,
				999ADA4F2156908000E2830A /* CustomButton.swift in Sources */,
				6A76893121B6D21E0076E073 /* DetailViewController.swift in Sources */,
				997E298A215DE68700A522FE /* SharedConstants.swift in Sources */,
				997E2991215E657200A522FE /* DataModel.swift in Sources */,
				999ADA4C215688FF00E2830A /* MovieCollectionViewCell.swift in Sources */,
				997E2985215DE29A00A522FE /* Movie.swift in Sources */,
				99D5711D21294FA600246A4C /* NowPlayingViewController.swift in Sources */,
				997E2988215DE62700A522FE /* NetworkManager.swift in Sources */,
				6A76892D21B6C4C00076E073 /* TopRatedViewController.swift in Sources */,
				9984E55021612F2D005A1953 /* BaseResponse.swift in Sources */,
				997E2994215E6C4C00A522FE /* Extensions.swift in Sources */,
				99D5711B21294FA600246A4C /* AppDelegate.swift in Sources */,
				6A76892F21B6C4D30076E073 /* UpComingViewController.swift in Sources */,
				9984E54B215F6A21005A1953 /* Movies+CoreDataProperties.swift in Sources */,
				999ADA542156993000E2830A /* CardView.swift in Sources */,
				99385045216F3D7B0002675C /* OverviewDialogViewController.swift in Sources */,
				997E298E215E63E600A522FE /* CustomLoadingView.swift in Sources */,
				9984E53B215F5E52005A1953 /* Movie.xcdatamodeld in Sources */,
				6A76892B21B6C4A60076E073 /* PopularViewController.swift in Sources */,
				9984E54A215F6A21005A1953 /* Movies+CoreDataClass.swift in Sources */,
				999ADA522156971800E2830A /* CellRegisterHelper.swift in Sources */,
				99097F0321772B8D0006610A /* DimmingPresentationController.swift in Sources */,
			);
			runOnlyForDeploymentPostprocessing = 0;
		};
/* End PBXSourcesBuildPhase section */

/* Begin PBXVariantGroup section */
		99D5711E21294FA600246A4C /* Main.storyboard */ = {
			isa = PBXVariantGroup;
			children = (
				99D5711F21294FA600246A4C /* Base */,
			);
			name = Main.storyboard;
			sourceTree = "<group>";
		};
		99D5712321294FA800246A4C /* LaunchScreen.storyboard */ = {
			isa = PBXVariantGroup;
			children = (
				99D5712421294FA800246A4C /* Base */,
			);
			name = LaunchScreen.storyboard;
			sourceTree = "<group>";
		};
/* End PBXVariantGroup section */

/* Begin XCBuildConfiguration section */
		99D5712721294FA800246A4C /* Debug */ = {
			isa = XCBuildConfiguration;
			buildSettings = {
				ALWAYS_SEARCH_USER_PATHS = NO;
				CLANG_ANALYZER_NONNULL = YES;
				CLANG_ANALYZER_NUMBER_OBJECT_CONVERSION = YES_AGGRESSIVE;
				CLANG_CXX_LANGUAGE_STANDARD = "gnu++14";
				CLANG_CXX_LIBRARY = "libc++";
				CLANG_ENABLE_MODULES = YES;
				CLANG_ENABLE_OBJC_ARC = YES;
				CLANG_ENABLE_OBJC_WEAK = YES;
				CLANG_WARN_BLOCK_CAPTURE_AUTORELEASING = YES;
				CLANG_WARN_BOOL_CONVERSION = YES;
				CLANG_WARN_COMMA = YES;
				CLANG_WARN_CONSTANT_CONVERSION = YES;
				CLANG_WARN_DEPRECATED_OBJC_IMPLEMENTATIONS = YES;
				CLANG_WARN_DIRECT_OBJC_ISA_USAGE = YES_ERROR;
				CLANG_WARN_DOCUMENTATION_COMMENTS = YES;
				CLANG_WARN_EMPTY_BODY = YES;
				CLANG_WARN_ENUM_CONVERSION = YES;
				CLANG_WARN_INFINITE_RECURSION = YES;
				CLANG_WARN_INT_CONVERSION = YES;
				CLANG_WARN_NON_LITERAL_NULL_CONVERSION = YES;
				CLANG_WARN_OBJC_IMPLICIT_RETAIN_SELF = YES;
				CLANG_WARN_OBJC_LITERAL_CONVERSION = YES;
				CLANG_WARN_OBJC_ROOT_CLASS = YES_ERROR;
				CLANG_WARN_RANGE_LOOP_ANALYSIS = YES;
				CLANG_WARN_STRICT_PROTOTYPES = YES;
				CLANG_WARN_SUSPICIOUS_MOVE = YES;
				CLANG_WARN_UNGUARDED_AVAILABILITY = YES_AGGRESSIVE;
				CLANG_WARN_UNREACHABLE_CODE = YES;
				CLANG_WARN__DUPLICATE_METHOD_MATCH = YES;
				CODE_SIGN_IDENTITY = "iPhone Developer";
				COPY_PHASE_STRIP = NO;
				DEBUG_INFORMATION_FORMAT = dwarf;
				ENABLE_STRICT_OBJC_MSGSEND = YES;
				ENABLE_TESTABILITY = YES;
				GCC_C_LANGUAGE_STANDARD = gnu11;
				GCC_DYNAMIC_NO_PIC = NO;
				GCC_NO_COMMON_BLOCKS = YES;
				GCC_OPTIMIZATION_LEVEL = 0;
				GCC_PREPROCESSOR_DEFINITIONS = (
					"DEBUG=1",
					"$(inherited)",
				);
				GCC_WARN_64_TO_32_BIT_CONVERSION = YES;
				GCC_WARN_ABOUT_RETURN_TYPE = YES_ERROR;
				GCC_WARN_UNDECLARED_SELECTOR = YES;
				GCC_WARN_UNINITIALIZED_AUTOS = YES_AGGRESSIVE;
				GCC_WARN_UNUSED_FUNCTION = YES;
				GCC_WARN_UNUSED_VARIABLE = YES;
				IPHONEOS_DEPLOYMENT_TARGET = 11.4;
				MTL_ENABLE_DEBUG_INFO = YES;
				ONLY_ACTIVE_ARCH = YES;
				SDKROOT = iphoneos;
				SWIFT_ACTIVE_COMPILATION_CONDITIONS = DEBUG;
				SWIFT_OPTIMIZATION_LEVEL = "-Onone";
			};
			name = Debug;
		};
		99D5712821294FA800246A4C /* Release */ = {
			isa = XCBuildConfiguration;
			buildSettings = {
				ALWAYS_SEARCH_USER_PATHS = NO;
				CLANG_ANALYZER_NONNULL = YES;
				CLANG_ANALYZER_NUMBER_OBJECT_CONVERSION = YES_AGGRESSIVE;
				CLANG_CXX_LANGUAGE_STANDARD = "gnu++14";
				CLANG_CXX_LIBRARY = "libc++";
				CLANG_ENABLE_MODULES = YES;
				CLANG_ENABLE_OBJC_ARC = YES;
				CLANG_ENABLE_OBJC_WEAK = YES;
				CLANG_WARN_BLOCK_CAPTURE_AUTORELEASING = YES;
				CLANG_WARN_BOOL_CONVERSION = YES;
				CLANG_WARN_COMMA = YES;
				CLANG_WARN_CONSTANT_CONVERSION = YES;
				CLANG_WARN_DEPRECATED_OBJC_IMPLEMENTATIONS = YES;
				CLANG_WARN_DIRECT_OBJC_ISA_USAGE = YES_ERROR;
				CLANG_WARN_DOCUMENTATION_COMMENTS = YES;
				CLANG_WARN_EMPTY_BODY = YES;
				CLANG_WARN_ENUM_CONVERSION = YES;
				CLANG_WARN_INFINITE_RECURSION = YES;
				CLANG_WARN_INT_CONVERSION = YES;
				CLANG_WARN_NON_LITERAL_NULL_CONVERSION = YES;
				CLANG_WARN_OBJC_IMPLICIT_RETAIN_SELF = YES;
				CLANG_WARN_OBJC_LITERAL_CONVERSION = YES;
				CLANG_WARN_OBJC_ROOT_CLASS = YES_ERROR;
				CLANG_WARN_RANGE_LOOP_ANALYSIS = YES;
				CLANG_WARN_STRICT_PROTOTYPES = YES;
				CLANG_WARN_SUSPICIOUS_MOVE = YES;
				CLANG_WARN_UNGUARDED_AVAILABILITY = YES_AGGRESSIVE;
				CLANG_WARN_UNREACHABLE_CODE = YES;
				CLANG_WARN__DUPLICATE_METHOD_MATCH = YES;
				CODE_SIGN_IDENTITY = "iPhone Developer";
				COPY_PHASE_STRIP = NO;
				DEBUG_INFORMATION_FORMAT = "dwarf-with-dsym";
				ENABLE_NS_ASSERTIONS = NO;
				ENABLE_STRICT_OBJC_MSGSEND = YES;
				GCC_C_LANGUAGE_STANDARD = gnu11;
				GCC_NO_COMMON_BLOCKS = YES;
				GCC_WARN_64_TO_32_BIT_CONVERSION = YES;
				GCC_WARN_ABOUT_RETURN_TYPE = YES_ERROR;
				GCC_WARN_UNDECLARED_SELECTOR = YES;
				GCC_WARN_UNINITIALIZED_AUTOS = YES_AGGRESSIVE;
				GCC_WARN_UNUSED_FUNCTION = YES;
				GCC_WARN_UNUSED_VARIABLE = YES;
				IPHONEOS_DEPLOYMENT_TARGET = 11.4;
				MTL_ENABLE_DEBUG_INFO = NO;
				SDKROOT = iphoneos;
				SWIFT_COMPILATION_MODE = wholemodule;
				SWIFT_OPTIMIZATION_LEVEL = "-O";
				VALIDATE_PRODUCT = YES;
			};
			name = Release;
		};
		99D5712A21294FA800246A4C /* Debug */ = {
			isa = XCBuildConfiguration;
			buildSettings = {
				ASSETCATALOG_COMPILER_APPICON_NAME = AppIcon;
				CODE_SIGN_STYLE = Automatic;
				DEVELOPMENT_TEAM = 3Q87CY759X;
				INFOPLIST_FILE = "Chill Session - Movies, Series/Info.plist";
				IPHONEOS_DEPLOYMENT_TARGET = 11.0;
				LD_RUNPATH_SEARCH_PATHS = (
					"$(inherited)",
					"@executable_path/Frameworks",
				);
				PRODUCT_BUNDLE_IDENTIFIER = "com.winthanhtike.Chill-Session---Movies--Series";
				PRODUCT_NAME = "$(TARGET_NAME)";
				SWIFT_VERSION = 4.0;
				TARGETED_DEVICE_FAMILY = "1,2";
			};
			name = Debug;
		};
		99D5712B21294FA800246A4C /* Release */ = {
			isa = XCBuildConfiguration;
			buildSettings = {
				ASSETCATALOG_COMPILER_APPICON_NAME = AppIcon;
				CODE_SIGN_STYLE = Automatic;
				DEVELOPMENT_TEAM = 3Q87CY759X;
				INFOPLIST_FILE = "Chill Session - Movies, Series/Info.plist";
				IPHONEOS_DEPLOYMENT_TARGET = 11.0;
				LD_RUNPATH_SEARCH_PATHS = (
					"$(inherited)",
					"@executable_path/Frameworks",
				);
				PRODUCT_BUNDLE_IDENTIFIER = "com.winthanhtike.Chill-Session---Movies--Series";
				PRODUCT_NAME = "$(TARGET_NAME)";
				SWIFT_VERSION = 4.0;
				TARGETED_DEVICE_FAMILY = "1,2";
			};
			name = Release;
		};
/* End XCBuildConfiguration section */

/* Begin XCConfigurationList section */
		99D5711221294FA600246A4C /* Build configuration list for PBXProject "Chill Session - Movies, Series" */ = {
			isa = XCConfigurationList;
			buildConfigurations = (
				99D5712721294FA800246A4C /* Debug */,
				99D5712821294FA800246A4C /* Release */,
			);
			defaultConfigurationIsVisible = 0;
			defaultConfigurationName = Release;
		};
		99D5712921294FA800246A4C /* Build configuration list for PBXNativeTarget "Chill Session - Movies, Series" */ = {
			isa = XCConfigurationList;
			buildConfigurations = (
				99D5712A21294FA800246A4C /* Debug */,
				99D5712B21294FA800246A4C /* Release */,
			);
			defaultConfigurationIsVisible = 0;
			defaultConfigurationName = Release;
		};
/* End XCConfigurationList section */

/* Begin XCVersionGroup section */
		9984E539215F5E52005A1953 /* Movie.xcdatamodeld */ = {
			isa = XCVersionGroup;
			children = (
				9984E53A215F5E52005A1953 /* Movie.xcdatamodel */,
			);
			currentVersion = 9984E53A215F5E52005A1953 /* Movie.xcdatamodel */;
			path = Movie.xcdatamodeld;
			sourceTree = "<group>";
			versionGroupType = wrapper.xcdatamodel;
		};
/* End XCVersionGroup section */
	};
	rootObject = 99D5710F21294FA600246A4C /* Project object */;
}
